
Microsoft Visual Studio Solution File, Format Version 12.00
# Visual Studio 15
VisualStudioVersion = 15.0.27130.2027
MinimumVisualStudioVersion = 10.0.40219.1
Project("{FAE04EC0-301F-11D3-BF4B-00C04F79EFBC}") = "eMarket.Domain", "eMarket.Domain\eMarket.Domain.csproj", "{0406FD46-B2DC-4486-B5A1-6C7BA90BA4C2}"
EndProject
Project("{FAE04EC0-301F-11D3-BF4B-00C04F79EFBC}") = "eMarket.Core", "eMarket.Core\eMarket.Core.csproj", "{29BD1F88-6BBD-42BD-8A90-27D9627EAAB9}"
EndProject
Project("{FAE04EC0-301F-11D3-BF4B-00C04F79EFBC}") = "eMarket.Host.Web", "eMarket.Host.Web\eMarket.Host.Web.csproj", "{915BD7FC-48B4-4DF4-8D83-DCCD232D971B}"
EndProject
Global
	GlobalSection(SolutionConfigurationPlatforms) = preSolution
		Debug|Any CPU = Debug|Any CPU
		Release|Any CPU = Release|Any CPU
	EndGlobalSection
	GlobalSection(ProjectConfigurationPlatforms) = postSolution
		{0406FD46-B2DC-4486-B5A1-6C7BA90BA4C2}.Debug|Any CPU.ActiveCfg = Debug|Any CPU
		{0406FD46-B2DC-4486-B5A1-6C7BA90BA4C2}.Debug|Any CPU.Build.0 = Debug|Any CPU
		{0406FD46-B2DC-4486-B5A1-6C7BA90BA4C2}.Release|Any CPU.ActiveCfg = Release|Any CPU
		{0406FD46-B2DC-4486-B5A1-6C7BA90BA4C2}.Release|Any CPU.Build.0 = Release|Any CPU
		{29BD1F88-6BBD-42BD-8A90-27D9627EAAB9}.Debug|Any CPU.ActiveCfg = Debug|Any CPU
		{29BD1F88-6BBD-42BD-8A90-27D9627EAAB9}.Debug|Any CPU.Build.0 = Debug|Any CPU
		{29BD1F88-6BBD-42BD-8A90-27D9627EAAB9}.Release|Any CPU.ActiveCfg = Release|Any CPU
		{29BD1F88-6BBD-42BD-8A90-27D9627EAAB9}.Release|Any CPU.Build.0 = Release|Any CPU
		{915BD7FC-48B4-4DF4-8D83-DCCD232D971B}.Debug|Any CPU.ActiveCfg = Debug|Any CPU
		{915BD7FC-48B4-4DF4-8D83-DCCD232D971B}.Debug|Any CPU.Build.0 = Debug|Any CPU
		{915BD7FC-48B4-4DF4-8D83-DCCD232D971B}.Release|Any CPU.ActiveCfg = Release|Any CPU
		{915BD7FC-48B4-4DF4-8D83-DCCD232D971B}.Release|Any CPU.Build.0 = Release|Any CPU
	EndGlobalSection
	GlobalSection(SolutionProperties) = preSolution
		HideSolutionNode = FALSE
	EndGlobalSection
	GlobalSection(ExtensibilityGlobals) = postSolution
		SolutionGuid = {F86BA14F-C041-4EBC-A084-3C55098DD2A1}
	EndGlobalSection
EndGlobal
